
Microsoft Visual Studio Solution File, Format Version 12.00
# Visual Studio Version 17
VisualStudioVersion = 17.2.32630.192
MinimumVisualStudioVersion = 10.0.40219.1
Project("{2150E333-8FDC-42A3-9474-1A3956D46DE8}") = "Client", "Client", "{0A75CA53-AA0E-492B-826E-CF8745FFDD1C}"
EndProject
Project("{9A19103F-16F7-4668-BE54-9A1E7A4F7556}") = "Client.Api", "Client.Api\Client.Api.csproj", "{FCAB2503-ACC7-4DF1-9810-73D7A134B9AC}"
EndProject
Project("{9A19103F-16F7-4668-BE54-9A1E7A4F7556}") = "Client.Dto", "Client.Dto\Client.Dto.csproj", "{B57101A2-DF9B-40DB-A8EF-8C1A5E1C209C}"
EndProject
Project("{9A19103F-16F7-4668-BE54-9A1E7A4F7556}") = "Client.Entities", "Client.Entities\Client.Entities.csproj", "{9442B699-ACE1-474E-8346-8BFDBF704D3C}"
EndProject
Project("{9A19103F-16F7-4668-BE54-9A1E7A4F7556}") = "Client.Interface", "Client.Interface\Client.Interface.csproj", "{FECFA784-CF15-4619-AF9D-DF2834C10B21}"
EndProject
Project("{9A19103F-16F7-4668-BE54-9A1E7A4F7556}") = "Client.Services", "Client.Services\Client.Services.csproj", "{0ABB5E6A-697D-47FB-B98E-28B320A2A887}"
EndProject
Project("{9A19103F-16F7-4668-BE54-9A1E7A4F7556}") = "Client.Utility", "Client.Utility\Client.Utility.csproj", "{ADFB9DCF-DC68-47BD-8787-EAB794352426}"
EndProject
Project("{2150E333-8FDC-42A3-9474-1A3956D46DE8}") = "Product", "Product", "{55835F1D-A2A4-4845-B7E4-353424F8BCF5}"
EndProject
Project("{9A19103F-16F7-4668-BE54-9A1E7A4F7556}") = "Product.Api", "Product.Api\Product.Api.csproj", "{F7743200-18DB-42AA-B0E0-35D97686B61F}"
EndProject
Project("{9A19103F-16F7-4668-BE54-9A1E7A4F7556}") = "Product.Dto", "Product.Dto\Product.Dto.csproj", "{F20BAE31-DAC2-497C-8763-0B826A46C0C6}"
EndProject
Project("{9A19103F-16F7-4668-BE54-9A1E7A4F7556}") = "Product.Entitie", "Product.Entitie\Product.Entitie.csproj", "{A0DD7730-7CDF-4BCB-8D0C-33F4C5587E91}"
EndProject
Project("{9A19103F-16F7-4668-BE54-9A1E7A4F7556}") = "Product.Interface", "Product.Interface\Product.Interface.csproj", "{1D6314A9-6729-4B72-85EF-52EC91FA42ED}"
EndProject
Project("{9A19103F-16F7-4668-BE54-9A1E7A4F7556}") = "Product.Service", "Product.Service\Product.Service.csproj", "{373FCB04-C17C-4604-8D43-311B6BC57522}"
EndProject
Project("{9A19103F-16F7-4668-BE54-9A1E7A4F7556}") = "Product.Utility", "Product.Utility\Product.Utility.csproj", "{F727E015-3FFE-467C-B034-332D124D97E6}"
EndProject
Project("{2150E333-8FDC-42A3-9474-1A3956D46DE8}") = "Sale", "Sale", "{F5F50032-5AAC-47C4-A058-74B306B5B2EE}"
EndProject
Project("{9A19103F-16F7-4668-BE54-9A1E7A4F7556}") = "Sale.Api", "Sale.Api\Sale.Api.csproj", "{735632A1-1014-4719-B403-ADC59BF1E460}"
EndProject
Project("{9A19103F-16F7-4668-BE54-9A1E7A4F7556}") = "Sale.Dto", "Sale.Dto\Sale.Dto.csproj", "{BA74ADC6-EF20-40B9-A13E-A3347E1F5580}"
EndProject
Project("{9A19103F-16F7-4668-BE54-9A1E7A4F7556}") = "Sale.Entitie", "Sale.Entitie\Sale.Entitie.csproj", "{BF115DE5-B118-4C5A-AB1A-52784527D01C}"
EndProject
Project("{9A19103F-16F7-4668-BE54-9A1E7A4F7556}") = "Sale.Interface", "Sale.Interface\Sale.Interface.csproj", "{020DDEB4-0E3B-4136-AB22-9AC43885C9E9}"
EndProject
Project("{9A19103F-16F7-4668-BE54-9A1E7A4F7556}") = "Sale.Service", "Sale.Service\Sale.Service.csproj", "{F16E950B-C4BE-4915-8657-6FE9ECF0379E}"
EndProject
Project("{9A19103F-16F7-4668-BE54-9A1E7A4F7556}") = "Sale.Utility", "Sale.Utility\Sale.Utility.csproj", "{FDF66631-097C-4612-815F-07AEEB5DFBDD}"
EndProject
Project("{2150E333-8FDC-42A3-9474-1A3956D46DE8}") = "Web", "Web", "{F876E273-D164-45EC-B211-D287D3E5CDC8}"
EndProject
Project("{9A19103F-16F7-4668-BE54-9A1E7A4F7556}") = "SalesSite.Web", "SalesSite.Web\SalesSite.Web.csproj", "{6C90A857-4B98-4613-BABC-4A3D0102139E}"
EndProject
Project("{2150E333-8FDC-42A3-9474-1A3956D46DE8}") = "APIGateway", "APIGateway", "{B4C82DF9-4E19-47C9-8F06-AEA994FA65D5}"
EndProject
Project("{9A19103F-16F7-4668-BE54-9A1E7A4F7556}") = "APIGateway", "APIGateway\APIGateway.csproj", "{036605E9-7383-41F8-9067-2C50E1A6E96E}"
EndProject
Project("{2150E333-8FDC-42A3-9474-1A3956D46DE8}") = "Database", "Database", "{7F4CD652-C4CB-48EA-B48E-5C784E5ADD50}"
	ProjectSection(SolutionItems) = preProject
		sales_site.sql = sales_site.sql
		..\..\..\..\Desktop\sales_site_diagram.png = ..\..\..\..\Desktop\sales_site_diagram.png
	EndProjectSection
EndProject
Global
	GlobalSection(SolutionConfigurationPlatforms) = preSolution
		Debug|Any CPU = Debug|Any CPU
		Release|Any CPU = Release|Any CPU
	EndGlobalSection
	GlobalSection(ProjectConfigurationPlatforms) = postSolution
		{FCAB2503-ACC7-4DF1-9810-73D7A134B9AC}.Debug|Any CPU.ActiveCfg = Debug|Any CPU
		{FCAB2503-ACC7-4DF1-9810-73D7A134B9AC}.Debug|Any CPU.Build.0 = Debug|Any CPU
		{FCAB2503-ACC7-4DF1-9810-73D7A134B9AC}.Release|Any CPU.ActiveCfg = Release|Any CPU
		{FCAB2503-ACC7-4DF1-9810-73D7A134B9AC}.Release|Any CPU.Build.0 = Release|Any CPU
		{B57101A2-DF9B-40DB-A8EF-8C1A5E1C209C}.Debug|Any CPU.ActiveCfg = Debug|Any CPU
		{B57101A2-DF9B-40DB-A8EF-8C1A5E1C209C}.Debug|Any CPU.Build.0 = Debug|Any CPU
		{B57101A2-DF9B-40DB-A8EF-8C1A5E1C209C}.Release|Any CPU.ActiveCfg = Release|Any CPU
		{B57101A2-DF9B-40DB-A8EF-8C1A5E1C209C}.Release|Any CPU.Build.0 = Release|Any CPU
		{9442B699-ACE1-474E-8346-8BFDBF704D3C}.Debug|Any CPU.ActiveCfg = Debug|Any CPU
		{9442B699-ACE1-474E-8346-8BFDBF704D3C}.Debug|Any CPU.Build.0 = Debug|Any CPU
		{9442B699-ACE1-474E-8346-8BFDBF704D3C}.Release|Any CPU.ActiveCfg = Release|Any CPU
		{9442B699-ACE1-474E-8346-8BFDBF704D3C}.Release|Any CPU.Build.0 = Release|Any CPU
		{FECFA784-CF15-4619-AF9D-DF2834C10B21}.Debug|Any CPU.ActiveCfg = Debug|Any CPU
		{FECFA784-CF15-4619-AF9D-DF2834C10B21}.Debug|Any CPU.Build.0 = Debug|Any CPU
		{FECFA784-CF15-4619-AF9D-DF2834C10B21}.Release|Any CPU.ActiveCfg = Release|Any CPU
		{FECFA784-CF15-4619-AF9D-DF2834C10B21}.Release|Any CPU.Build.0 = Release|Any CPU
		{0ABB5E6A-697D-47FB-B98E-28B320A2A887}.Debug|Any CPU.ActiveCfg = Debug|Any CPU
		{0ABB5E6A-697D-47FB-B98E-28B320A2A887}.Debug|Any CPU.Build.0 = Debug|Any CPU
		{0ABB5E6A-697D-47FB-B98E-28B320A2A887}.Release|Any CPU.ActiveCfg = Release|Any CPU
		{0ABB5E6A-697D-47FB-B98E-28B320A2A887}.Release|Any CPU.Build.0 = Release|Any CPU
		{ADFB9DCF-DC68-47BD-8787-EAB794352426}.Debug|Any CPU.ActiveCfg = Debug|Any CPU
		{ADFB9DCF-DC68-47BD-8787-EAB794352426}.Debug|Any CPU.Build.0 = Debug|Any CPU
		{ADFB9DCF-DC68-47BD-8787-EAB794352426}.Release|Any CPU.ActiveCfg = Release|Any CPU
		{ADFB9DCF-DC68-47BD-8787-EAB794352426}.Release|Any CPU.Build.0 = Release|Any CPU
		{F7743200-18DB-42AA-B0E0-35D97686B61F}.Debug|Any CPU.ActiveCfg = Debug|Any CPU
		{F7743200-18DB-42AA-B0E0-35D97686B61F}.Debug|Any CPU.Build.0 = Debug|Any CPU
		{F7743200-18DB-42AA-B0E0-35D97686B61F}.Release|Any CPU.ActiveCfg = Release|Any CPU
		{F7743200-18DB-42AA-B0E0-35D97686B61F}.Release|Any CPU.Build.0 = Release|Any CPU
		{F20BAE31-DAC2-497C-8763-0B826A46C0C6}.Debug|Any CPU.ActiveCfg = Debug|Any CPU
		{F20BAE31-DAC2-497C-8763-0B826A46C0C6}.Debug|Any CPU.Build.0 = Debug|Any CPU
		{F20BAE31-DAC2-497C-8763-0B826A46C0C6}.Release|Any CPU.ActiveCfg = Release|Any CPU
		{F20BAE31-DAC2-497C-8763-0B826A46C0C6}.Release|Any CPU.Build.0 = Release|Any CPU
		{A0DD7730-7CDF-4BCB-8D0C-33F4C5587E91}.Debug|Any CPU.ActiveCfg = Debug|Any CPU
		{A0DD7730-7CDF-4BCB-8D0C-33F4C5587E91}.Debug|Any CPU.Build.0 = Debug|Any CPU
		{A0DD7730-7CDF-4BCB-8D0C-33F4C5587E91}.Release|Any CPU.ActiveCfg = Release|Any CPU
		{A0DD7730-7CDF-4BCB-8D0C-33F4C5587E91}.Release|Any CPU.Build.0 = Release|Any CPU
		{1D6314A9-6729-4B72-85EF-52EC91FA42ED}.Debug|Any CPU.ActiveCfg = Debug|Any CPU
		{1D6314A9-6729-4B72-85EF-52EC91FA42ED}.Debug|Any CPU.Build.0 = Debug|Any CPU
		{1D6314A9-6729-4B72-85EF-52EC91FA42ED}.Release|Any CPU.ActiveCfg = Release|Any CPU
		{1D6314A9-6729-4B72-85EF-52EC91FA42ED}.Release|Any CPU.Build.0 = Release|Any CPU
		{373FCB04-C17C-4604-8D43-311B6BC57522}.Debug|Any CPU.ActiveCfg = Debug|Any CPU
		{373FCB04-C17C-4604-8D43-311B6BC57522}.Debug|Any CPU.Build.0 = Debug|Any CPU
		{373FCB04-C17C-4604-8D43-311B6BC57522}.Release|Any CPU.ActiveCfg = Release|Any CPU
		{373FCB04-C17C-4604-8D43-311B6BC57522}.Release|Any CPU.Build.0 = Release|Any CPU
		{F727E015-3FFE-467C-B034-332D124D97E6}.Debug|Any CPU.ActiveCfg = Debug|Any CPU
		{F727E015-3FFE-467C-B034-332D124D97E6}.Debug|Any CPU.Build.0 = Debug|Any CPU
		{F727E015-3FFE-467C-B034-332D124D97E6}.Release|Any CPU.ActiveCfg = Release|Any CPU
		{F727E015-3FFE-467C-B034-332D124D97E6}.Release|Any CPU.Build.0 = Release|Any CPU
		{735632A1-1014-4719-B403-ADC59BF1E460}.Debug|Any CPU.ActiveCfg = Debug|Any CPU
		{735632A1-1014-4719-B403-ADC59BF1E460}.Debug|Any CPU.Build.0 = Debug|Any CPU
		{735632A1-1014-4719-B403-ADC59BF1E460}.Release|Any CPU.ActiveCfg = Release|Any CPU
		{735632A1-1014-4719-B403-ADC59BF1E460}.Release|Any CPU.Build.0 = Release|Any CPU
		{BA74ADC6-EF20-40B9-A13E-A3347E1F5580}.Debug|Any CPU.ActiveCfg = Debug|Any CPU
		{BA74ADC6-EF20-40B9-A13E-A3347E1F5580}.Debug|Any CPU.Build.0 = Debug|Any CPU
		{BA74ADC6-EF20-40B9-A13E-A3347E1F5580}.Release|Any CPU.ActiveCfg = Release|Any CPU
		{BA74ADC6-EF20-40B9-A13E-A3347E1F5580}.Release|Any CPU.Build.0 = Release|Any CPU
		{BF115DE5-B118-4C5A-AB1A-52784527D01C}.Debug|Any CPU.ActiveCfg = Debug|Any CPU
		{BF115DE5-B118-4C5A-AB1A-52784527D01C}.Debug|Any CPU.Build.0 = Debug|Any CPU
		{BF115DE5-B118-4C5A-AB1A-52784527D01C}.Release|Any CPU.ActiveCfg = Release|Any CPU
		{BF115DE5-B118-4C5A-AB1A-52784527D01C}.Release|Any CPU.Build.0 = Release|Any CPU
		{020DDEB4-0E3B-4136-AB22-9AC43885C9E9}.Debug|Any CPU.ActiveCfg = Debug|Any CPU
		{020DDEB4-0E3B-4136-AB22-9AC43885C9E9}.Debug|Any CPU.Build.0 = Debug|Any CPU
		{020DDEB4-0E3B-4136-AB22-9AC43885C9E9}.Release|Any CPU.ActiveCfg = Release|Any CPU
		{020DDEB4-0E3B-4136-AB22-9AC43885C9E9}.Release|Any CPU.Build.0 = Release|Any CPU
		{F16E950B-C4BE-4915-8657-6FE9ECF0379E}.Debug|Any CPU.ActiveCfg = Debug|Any CPU
		{F16E950B-C4BE-4915-8657-6FE9ECF0379E}.Debug|Any CPU.Build.0 = Debug|Any CPU
		{F16E950B-C4BE-4915-8657-6FE9ECF0379E}.Release|Any CPU.ActiveCfg = Release|Any CPU
		{F16E950B-C4BE-4915-8657-6FE9ECF0379E}.Release|Any CPU.Build.0 = Release|Any CPU
		{FDF66631-097C-4612-815F-07AEEB5DFBDD}.Debug|Any CPU.ActiveCfg = Debug|Any CPU
		{FDF66631-097C-4612-815F-07AEEB5DFBDD}.Debug|Any CPU.Build.0 = Debug|Any CPU
		{FDF66631-097C-4612-815F-07AEEB5DFBDD}.Release|Any CPU.ActiveCfg = Release|Any CPU
		{FDF66631-097C-4612-815F-07AEEB5DFBDD}.Release|Any CPU.Build.0 = Release|Any CPU
		{6C90A857-4B98-4613-BABC-4A3D0102139E}.Debug|Any CPU.ActiveCfg = Debug|Any CPU
		{6C90A857-4B98-4613-BABC-4A3D0102139E}.Debug|Any CPU.Build.0 = Debug|Any CPU
		{6C90A857-4B98-4613-BABC-4A3D0102139E}.Release|Any CPU.ActiveCfg = Release|Any CPU
		{6C90A857-4B98-4613-BABC-4A3D0102139E}.Release|Any CPU.Build.0 = Release|Any CPU
		{036605E9-7383-41F8-9067-2C50E1A6E96E}.Debug|Any CPU.ActiveCfg = Debug|Any CPU
		{036605E9-7383-41F8-9067-2C50E1A6E96E}.Debug|Any CPU.Build.0 = Debug|Any CPU
		{036605E9-7383-41F8-9067-2C50E1A6E96E}.Release|Any CPU.ActiveCfg = Release|Any CPU
		{036605E9-7383-41F8-9067-2C50E1A6E96E}.Release|Any CPU.Build.0 = Release|Any CPU
	EndGlobalSection
	GlobalSection(SolutionProperties) = preSolution
		HideSolutionNode = FALSE
	EndGlobalSection
	GlobalSection(NestedProjects) = preSolution
		{FCAB2503-ACC7-4DF1-9810-73D7A134B9AC} = {0A75CA53-AA0E-492B-826E-CF8745FFDD1C}
		{B57101A2-DF9B-40DB-A8EF-8C1A5E1C209C} = {0A75CA53-AA0E-492B-826E-CF8745FFDD1C}
		{9442B699-ACE1-474E-8346-8BFDBF704D3C} = {0A75CA53-AA0E-492B-826E-CF8745FFDD1C}
		{FECFA784-CF15-4619-AF9D-DF2834C10B21} = {0A75CA53-AA0E-492B-826E-CF8745FFDD1C}
		{0ABB5E6A-697D-47FB-B98E-28B320A2A887} = {0A75CA53-AA0E-492B-826E-CF8745FFDD1C}
		{ADFB9DCF-DC68-47BD-8787-EAB794352426} = {0A75CA53-AA0E-492B-826E-CF8745FFDD1C}
		{F7743200-18DB-42AA-B0E0-35D97686B61F} = {55835F1D-A2A4-4845-B7E4-353424F8BCF5}
		{F20BAE31-DAC2-497C-8763-0B826A46C0C6} = {55835F1D-A2A4-4845-B7E4-353424F8BCF5}
		{A0DD7730-7CDF-4BCB-8D0C-33F4C5587E91} = {55835F1D-A2A4-4845-B7E4-353424F8BCF5}
		{1D6314A9-6729-4B72-85EF-52EC91FA42ED} = {55835F1D-A2A4-4845-B7E4-353424F8BCF5}
		{373FCB04-C17C-4604-8D43-311B6BC57522} = {55835F1D-A2A4-4845-B7E4-353424F8BCF5}
		{F727E015-3FFE-467C-B034-332D124D97E6} = {55835F1D-A2A4-4845-B7E4-353424F8BCF5}
		{735632A1-1014-4719-B403-ADC59BF1E460} = {F5F50032-5AAC-47C4-A058-74B306B5B2EE}
		{BA74ADC6-EF20-40B9-A13E-A3347E1F5580} = {F5F50032-5AAC-47C4-A058-74B306B5B2EE}
		{BF115DE5-B118-4C5A-AB1A-52784527D01C} = {F5F50032-5AAC-47C4-A058-74B306B5B2EE}
		{020DDEB4-0E3B-4136-AB22-9AC43885C9E9} = {F5F50032-5AAC-47C4-A058-74B306B5B2EE}
		{F16E950B-C4BE-4915-8657-6FE9ECF0379E} = {F5F50032-5AAC-47C4-A058-74B306B5B2EE}
		{FDF66631-097C-4612-815F-07AEEB5DFBDD} = {F5F50032-5AAC-47C4-A058-74B306B5B2EE}
		{6C90A857-4B98-4613-BABC-4A3D0102139E} = {F876E273-D164-45EC-B211-D287D3E5CDC8}
		{036605E9-7383-41F8-9067-2C50E1A6E96E} = {B4C82DF9-4E19-47C9-8F06-AEA994FA65D5}
	EndGlobalSection
	GlobalSection(ExtensibilityGlobals) = postSolution
		SolutionGuid = {67F8F0F6-7E7F-4A8A-BFF7-DB1F4EEE3989}
	EndGlobalSection
EndGlobal
